
Microsoft Visual Studio Solution File, Format Version 12.00
# Visual Studio 14
VisualStudioVersion = 14.0.25420.1
MinimumVisualStudioVersion = 10.0.40219.1
Project("{F2A71F9B-5D33-465A-A702-920D77279786}") = "CoveoBCC.Core", "CoveoBCC.Core\CoveoBCC.Core.fsproj", "{39280400-9726-461D-B98C-85C019556725}"
EndProject
Project("{FAE04EC0-301F-11D3-BF4B-00C04F79EFBC}") = "CoveoBCC.Core.Tests", "CoveoBCC.Core.Tests\CoveoBCC.Core.Tests.csproj", "{518A5DF8-01D1-4F73-9B99-008EB336A664}"
EndProject
Project("{2150E333-8FDC-42A3-9474-1A3956D46DE8}") = "Solution Items", "Solution Items", "{C200616B-E5E7-4EC6-B1F0-2B9D2EBAF7EE}"
	ProjectSection(SolutionItems) = preProject
		Local.testsettings = Local.testsettings
	EndProjectSection
EndProject
Global
	GlobalSection(SolutionConfigurationPlatforms) = preSolution
		Debug|Any CPU = Debug|Any CPU
		Release|Any CPU = Release|Any CPU
	EndGlobalSection
	GlobalSection(ProjectConfigurationPlatforms) = postSolution
		{39280400-9726-461D-B98C-85C019556725}.Debug|Any CPU.ActiveCfg = Debug|Any CPU
		{39280400-9726-461D-B98C-85C019556725}.Debug|Any CPU.Build.0 = Debug|Any CPU
		{39280400-9726-461D-B98C-85C019556725}.Release|Any CPU.ActiveCfg = Release|Any CPU
		{39280400-9726-461D-B98C-85C019556725}.Release|Any CPU.Build.0 = Release|Any CPU
		{518A5DF8-01D1-4F73-9B99-008EB336A664}.Debug|Any CPU.ActiveCfg = Debug|Any CPU
		{518A5DF8-01D1-4F73-9B99-008EB336A664}.Debug|Any CPU.Build.0 = Debug|Any CPU
		{518A5DF8-01D1-4F73-9B99-008EB336A664}.Release|Any CPU.ActiveCfg = Release|Any CPU
		{518A5DF8-01D1-4F73-9B99-008EB336A664}.Release|Any CPU.Build.0 = Release|Any CPU
	EndGlobalSection
	GlobalSection(SolutionProperties) = preSolution
		HideSolutionNode = FALSE
	EndGlobalSection
EndGlobal
